
Microsoft Visual Studio Solution File, Format Version 12.00
# Visual Studio Version 17
VisualStudioVersion = 17.12.35527.113
MinimumVisualStudioVersion = 10.0.40219.1
Project("{FAE04EC0-301F-11D3-BF4B-00C04F79EFBC}") = "mongoDb", "mongoDb\mongoDb.csproj", "{16B077A8-97A0-42B1-A1D6-188587EF80C6}"
EndProject
Project("{FAE04EC0-301F-11D3-BF4B-00C04F79EFBC}") = "PostgreSqlDb", "PostgreSqlDb\PostgreSqlDb.csproj", "{31D458FC-7581-40E2-9CB7-5B7A5C38A595}"
EndProject
Global
	GlobalSection(SolutionConfigurationPlatforms) = preSolution
		Debug|Any CPU = Debug|Any CPU
		Release|Any CPU = Release|Any CPU
	EndGlobalSection
	GlobalSection(ProjectConfigurationPlatforms) = postSolution
		{16B077A8-97A0-42B1-A1D6-188587EF80C6}.Debug|Any CPU.ActiveCfg = Debug|Any CPU
		{16B077A8-97A0-42B1-A1D6-188587EF80C6}.Debug|Any CPU.Build.0 = Debug|Any CPU
		{16B077A8-97A0-42B1-A1D6-188587EF80C6}.Release|Any CPU.ActiveCfg = Release|Any CPU
		{16B077A8-97A0-42B1-A1D6-188587EF80C6}.Release|Any CPU.Build.0 = Release|Any CPU
		{31D458FC-7581-40E2-9CB7-5B7A5C38A595}.Debug|Any CPU.ActiveCfg = Debug|Any CPU
		{31D458FC-7581-40E2-9CB7-5B7A5C38A595}.Debug|Any CPU.Build.0 = Debug|Any CPU
		{31D458FC-7581-40E2-9CB7-5B7A5C38A595}.Release|Any CPU.ActiveCfg = Release|Any CPU
		{31D458FC-7581-40E2-9CB7-5B7A5C38A595}.Release|Any CPU.Build.0 = Release|Any CPU
	EndGlobalSection
	GlobalSection(SolutionProperties) = preSolution
		HideSolutionNode = FALSE
	EndGlobalSection
EndGlobal
